
Microsoft Visual Studio Solution File, Format Version 12.00
# Visual Studio Version 16
VisualStudioVersion = 16.0.31105.61
MinimumVisualStudioVersion = 10.0.40219.1
Project("{9A19103F-16F7-4668-BE54-9A1E7A4F7556}") = "Core5_API", "Core5_API\Core5_API.csproj", "{B6A5D73F-2D69-4283-8A0A-B7B5937EFCAC}"
EndProject
Project("{9A19103F-16F7-4668-BE54-9A1E7A4F7556}") = "ClientApp", "ClientApp\ClientApp.csproj", "{E54E52CF-449A-44B8-973C-2A6319A827AB}"
EndProject
Project("{9A19103F-16F7-4668-BE54-9A1E7A4F7556}") = "WasmClient", "WasmClient\WasmClient.csproj", "{9E0FFED6-C61B-464E-8274-628C6C8B7028}"
EndProject
Project("{9A19103F-16F7-4668-BE54-9A1E7A4F7556}") = "TokenBaseAuthentication", "TokenBaseAuthentication\TokenBaseAuthentication.csproj", "{63979F05-887A-4570-95F6-B1F50946D873}"
EndProject
Project("{9A19103F-16F7-4668-BE54-9A1E7A4F7556}") = "BlazorWebAssemblyClientTokenBasedSecurity", "BlazorWebAssemblyClientTokenBasedSecurity\BlazorWebAssemblyClientTokenBasedSecurity.csproj", "{BA9C2E31-892E-47C4-819F-4D147A91DC3F}"
EndProject
Project("{9A19103F-16F7-4668-BE54-9A1E7A4F7556}") = "Blazor_StateManagement", "Blazor_StateManagement\Blazor_StateManagement.csproj", "{D7DB7221-030E-45CB-9882-18F83E965034}"
EndProject
Project("{9A19103F-16F7-4668-BE54-9A1E7A4F7556}") = "Blazor_LazyLoading", "Blazor_LazyLoading\Blazor_LazyLoading.csproj", "{04587C88-31BE-4CB0-9C5D-4E4332C57603}"
EndProject
Project("{9A19103F-16F7-4668-BE54-9A1E7A4F7556}") = "ProductsLRazorLibrary", "ProductsLRazorLibrary\ProductsLRazorLibrary.csproj", "{59B20C78-C78F-41F3-808F-F0C09A275E47}"
EndProject
Project("{9A19103F-16F7-4668-BE54-9A1E7A4F7556}") = "Blazor_RenderFragment", "Blazor_RenderFragment\Blazor_RenderFragment.csproj", "{28337AD7-16BB-494A-BB19-A15550115A35}"
EndProject
Project("{9A19103F-16F7-4668-BE54-9A1E7A4F7556}") = "Blazor_SessionManagement", "Blazor_SessionManagement\Blazor_SessionManagement.csproj", "{FCB8DC94-C10D-486C-8D8C-4FFD2D0FC1F2}"
EndProject
Project("{FAE04EC0-301F-11D3-BF4B-00C04F79EFBC}") = "NetFrwk_Library", "NetFrwk_Library\NetFrwk_Library.csproj", "{89B6DC4A-4B1D-4650-95EF-8B7F8595B202}"
EndProject
Project("{9A19103F-16F7-4668-BE54-9A1E7A4F7556}") = "Blaz_ServerAppNetLib", "Blaz_ServerAppNetLib\Blaz_ServerAppNetLib.csproj", "{E440F58D-81BB-4F40-9925-7DD595741C54}"
EndProject
Project("{9A19103F-16F7-4668-BE54-9A1E7A4F7556}") = "Blaz_WebAssembly_Using_Net_Lib", "Blaz_WebAssembly_Using_Net_Lib\Blaz_WebAssembly_Using_Net_Lib.csproj", "{72366117-6600-4051-A57E-BACB98A0D18A}"
EndProject
Project("{2150E333-8FDC-42A3-9474-1A3956D46DE8}") = "rbs", "rbs", "{E47617F5-31E6-4F0E-A26F-22148910867C}"
EndProject
Project("{9A19103F-16F7-4668-BE54-9A1E7A4F7556}") = "Balzor_App_Rbs.Server", "Balzor_App_Rbs\Server\Balzor_App_Rbs.Server.csproj", "{D2E93074-99E8-4969-A4A9-1EEEF279CB5B}"
EndProject
Project("{9A19103F-16F7-4668-BE54-9A1E7A4F7556}") = "Balzor_App_Rbs.Client", "Balzor_App_Rbs\Client\Balzor_App_Rbs.Client.csproj", "{56961EC4-0BA0-42D5-ACCE-377547F5117A}"
EndProject
Project("{9A19103F-16F7-4668-BE54-9A1E7A4F7556}") = "Balzor_App_Rbs.Shared", "Balzor_App_Rbs\Shared\Balzor_App_Rbs.Shared.csproj", "{9AA86F5F-05EF-4C5C-AF36-285EF2C07125}"
EndProject
Project("{2150E333-8FDC-42A3-9474-1A3956D46DE8}") = "securityapp", "securityapp", "{DCE6CC95-4D94-4885-A92E-6FF09AFFACFE}"
EndProject
Project("{9A19103F-16F7-4668-BE54-9A1E7A4F7556}") = "SecurityApp.Server", "SecurityApp\Server\SecurityApp.Server.csproj", "{5638B779-D2ED-4812-96CF-25FAB8CBAFE6}"
EndProject
Project("{9A19103F-16F7-4668-BE54-9A1E7A4F7556}") = "SecurityApp.Client", "SecurityApp\Client\SecurityApp.Client.csproj", "{0E2EE7AD-6E6A-4B66-8A50-9828E9DBF42A}"
EndProject
Project("{9A19103F-16F7-4668-BE54-9A1E7A4F7556}") = "SecurityApp.Shared", "SecurityApp\Shared\SecurityApp.Shared.csproj", "{CD20B81D-B350-4765-A003-78929B541A8A}"
EndProject
Project("{2150E333-8FDC-42A3-9474-1A3956D46DE8}") = "UnitTesting", "UnitTesting", "{D43869AD-6C6A-4382-ABE1-3643ECC7E7CB}"
EndProject
Project("{9A19103F-16F7-4668-BE54-9A1E7A4F7556}") = "Blaz_AppForTest", "Blaz_AppForTest\Blaz_AppForTest.csproj", "{C2D8AB17-25C7-4E93-B8EE-4AAA577A5FC8}"
EndProject
Project("{9A19103F-16F7-4668-BE54-9A1E7A4F7556}") = "Balz_ComponentTest", "Balz_ComponentTest\Balz_ComponentTest.csproj", "{9B92D748-E9E9-4E2E-89D7-198D9E044A46}"
EndProject
Project("{2150E333-8FDC-42A3-9474-1A3956D46DE8}") = "CustomAuthApp", "CustomAuthApp", "{C2E16990-C6E0-470C-AC36-5E90594BAC7E}"
EndProject
Project("{FAE04EC0-301F-11D3-BF4B-00C04F79EFBC}") = "Blaz_CustomSecurity.Server", "Blaz_CustomSecurity\Server\Blaz_CustomSecurity.Server.csproj", "{FE6010C3-79B5-463A-8C66-F218405B808E}"
EndProject
Project("{FAE04EC0-301F-11D3-BF4B-00C04F79EFBC}") = "Blaz_CustomSecurity.Client", "Blaz_CustomSecurity\Client\Blaz_CustomSecurity.Client.csproj", "{3E2E2273-9B00-4D9F-9852-F9FD78981913}"
EndProject
Project("{FAE04EC0-301F-11D3-BF4B-00C04F79EFBC}") = "Blaz_CustomSecurity.Shared", "Blaz_CustomSecurity\Shared\Blaz_CustomSecurity.Shared.csproj", "{3487BEBD-0BC5-4E81-A50E-4B8E592CB6AE}"
EndProject
Global
	GlobalSection(SolutionConfigurationPlatforms) = preSolution
		Debug|Any CPU = Debug|Any CPU
		Release|Any CPU = Release|Any CPU
	EndGlobalSection
	GlobalSection(ProjectConfigurationPlatforms) = postSolution
		{B6A5D73F-2D69-4283-8A0A-B7B5937EFCAC}.Debug|Any CPU.ActiveCfg = Debug|Any CPU
		{B6A5D73F-2D69-4283-8A0A-B7B5937EFCAC}.Debug|Any CPU.Build.0 = Debug|Any CPU
		{B6A5D73F-2D69-4283-8A0A-B7B5937EFCAC}.Release|Any CPU.ActiveCfg = Release|Any CPU
		{B6A5D73F-2D69-4283-8A0A-B7B5937EFCAC}.Release|Any CPU.Build.0 = Release|Any CPU
		{E54E52CF-449A-44B8-973C-2A6319A827AB}.Debug|Any CPU.ActiveCfg = Debug|Any CPU
		{E54E52CF-449A-44B8-973C-2A6319A827AB}.Debug|Any CPU.Build.0 = Debug|Any CPU
		{E54E52CF-449A-44B8-973C-2A6319A827AB}.Release|Any CPU.ActiveCfg = Release|Any CPU
		{E54E52CF-449A-44B8-973C-2A6319A827AB}.Release|Any CPU.Build.0 = Release|Any CPU
		{9E0FFED6-C61B-464E-8274-628C6C8B7028}.Debug|Any CPU.ActiveCfg = Debug|Any CPU
		{9E0FFED6-C61B-464E-8274-628C6C8B7028}.Debug|Any CPU.Build.0 = Debug|Any CPU
		{9E0FFED6-C61B-464E-8274-628C6C8B7028}.Release|Any CPU.ActiveCfg = Release|Any CPU
		{9E0FFED6-C61B-464E-8274-628C6C8B7028}.Release|Any CPU.Build.0 = Release|Any CPU
		{63979F05-887A-4570-95F6-B1F50946D873}.Debug|Any CPU.ActiveCfg = Debug|Any CPU
		{63979F05-887A-4570-95F6-B1F50946D873}.Debug|Any CPU.Build.0 = Debug|Any CPU
		{63979F05-887A-4570-95F6-B1F50946D873}.Release|Any CPU.ActiveCfg = Release|Any CPU
		{63979F05-887A-4570-95F6-B1F50946D873}.Release|Any CPU.Build.0 = Release|Any CPU
		{BA9C2E31-892E-47C4-819F-4D147A91DC3F}.Debug|Any CPU.ActiveCfg = Debug|Any CPU
		{BA9C2E31-892E-47C4-819F-4D147A91DC3F}.Debug|Any CPU.Build.0 = Debug|Any CPU
		{BA9C2E31-892E-47C4-819F-4D147A91DC3F}.Release|Any CPU.ActiveCfg = Release|Any CPU
		{BA9C2E31-892E-47C4-819F-4D147A91DC3F}.Release|Any CPU.Build.0 = Release|Any CPU
		{D7DB7221-030E-45CB-9882-18F83E965034}.Debug|Any CPU.ActiveCfg = Debug|Any CPU
		{D7DB7221-030E-45CB-9882-18F83E965034}.Debug|Any CPU.Build.0 = Debug|Any CPU
		{D7DB7221-030E-45CB-9882-18F83E965034}.Release|Any CPU.ActiveCfg = Release|Any CPU
		{D7DB7221-030E-45CB-9882-18F83E965034}.Release|Any CPU.Build.0 = Release|Any CPU
		{04587C88-31BE-4CB0-9C5D-4E4332C57603}.Debug|Any CPU.ActiveCfg = Debug|Any CPU
		{04587C88-31BE-4CB0-9C5D-4E4332C57603}.Debug|Any CPU.Build.0 = Debug|Any CPU
		{04587C88-31BE-4CB0-9C5D-4E4332C57603}.Release|Any CPU.ActiveCfg = Release|Any CPU
		{04587C88-31BE-4CB0-9C5D-4E4332C57603}.Release|Any CPU.Build.0 = Release|Any CPU
		{59B20C78-C78F-41F3-808F-F0C09A275E47}.Debug|Any CPU.ActiveCfg = Debug|Any CPU
		{59B20C78-C78F-41F3-808F-F0C09A275E47}.Debug|Any CPU.Build.0 = Debug|Any CPU
		{59B20C78-C78F-41F3-808F-F0C09A275E47}.Release|Any CPU.ActiveCfg = Release|Any CPU
		{59B20C78-C78F-41F3-808F-F0C09A275E47}.Release|Any CPU.Build.0 = Release|Any CPU
		{28337AD7-16BB-494A-BB19-A15550115A35}.Debug|Any CPU.ActiveCfg = Debug|Any CPU
		{28337AD7-16BB-494A-BB19-A15550115A35}.Debug|Any CPU.Build.0 = Debug|Any CPU
		{28337AD7-16BB-494A-BB19-A15550115A35}.Release|Any CPU.ActiveCfg = Release|Any CPU
		{28337AD7-16BB-494A-BB19-A15550115A35}.Release|Any CPU.Build.0 = Release|Any CPU
		{FCB8DC94-C10D-486C-8D8C-4FFD2D0FC1F2}.Debug|Any CPU.ActiveCfg = Debug|Any CPU
		{FCB8DC94-C10D-486C-8D8C-4FFD2D0FC1F2}.Debug|Any CPU.Build.0 = Debug|Any CPU
		{FCB8DC94-C10D-486C-8D8C-4FFD2D0FC1F2}.Release|Any CPU.ActiveCfg = Release|Any CPU
		{FCB8DC94-C10D-486C-8D8C-4FFD2D0FC1F2}.Release|Any CPU.Build.0 = Release|Any CPU
		{89B6DC4A-4B1D-4650-95EF-8B7F8595B202}.Debug|Any CPU.ActiveCfg = Debug|Any CPU
		{89B6DC4A-4B1D-4650-95EF-8B7F8595B202}.Debug|Any CPU.Build.0 = Debug|Any CPU
		{89B6DC4A-4B1D-4650-95EF-8B7F8595B202}.Release|Any CPU.ActiveCfg = Release|Any CPU
		{89B6DC4A-4B1D-4650-95EF-8B7F8595B202}.Release|Any CPU.Build.0 = Release|Any CPU
		{E440F58D-81BB-4F40-9925-7DD595741C54}.Debug|Any CPU.ActiveCfg = Debug|Any CPU
		{E440F58D-81BB-4F40-9925-7DD595741C54}.Debug|Any CPU.Build.0 = Debug|Any CPU
		{E440F58D-81BB-4F40-9925-7DD595741C54}.Release|Any CPU.ActiveCfg = Release|Any CPU
		{E440F58D-81BB-4F40-9925-7DD595741C54}.Release|Any CPU.Build.0 = Release|Any CPU
		{72366117-6600-4051-A57E-BACB98A0D18A}.Debug|Any CPU.ActiveCfg = Debug|Any CPU
		{72366117-6600-4051-A57E-BACB98A0D18A}.Debug|Any CPU.Build.0 = Debug|Any CPU
		{72366117-6600-4051-A57E-BACB98A0D18A}.Release|Any CPU.ActiveCfg = Release|Any CPU
		{72366117-6600-4051-A57E-BACB98A0D18A}.Release|Any CPU.Build.0 = Release|Any CPU
		{D2E93074-99E8-4969-A4A9-1EEEF279CB5B}.Debug|Any CPU.ActiveCfg = Debug|Any CPU
		{D2E93074-99E8-4969-A4A9-1EEEF279CB5B}.Debug|Any CPU.Build.0 = Debug|Any CPU
		{D2E93074-99E8-4969-A4A9-1EEEF279CB5B}.Release|Any CPU.ActiveCfg = Release|Any CPU
		{D2E93074-99E8-4969-A4A9-1EEEF279CB5B}.Release|Any CPU.Build.0 = Release|Any CPU
		{56961EC4-0BA0-42D5-ACCE-377547F5117A}.Debug|Any CPU.ActiveCfg = Debug|Any CPU
		{56961EC4-0BA0-42D5-ACCE-377547F5117A}.Debug|Any CPU.Build.0 = Debug|Any CPU
		{56961EC4-0BA0-42D5-ACCE-377547F5117A}.Release|Any CPU.ActiveCfg = Release|Any CPU
		{56961EC4-0BA0-42D5-ACCE-377547F5117A}.Release|Any CPU.Build.0 = Release|Any CPU
		{9AA86F5F-05EF-4C5C-AF36-285EF2C07125}.Debug|Any CPU.ActiveCfg = Debug|Any CPU
		{9AA86F5F-05EF-4C5C-AF36-285EF2C07125}.Debug|Any CPU.Build.0 = Debug|Any CPU
		{9AA86F5F-05EF-4C5C-AF36-285EF2C07125}.Release|Any CPU.ActiveCfg = Release|Any CPU
		{9AA86F5F-05EF-4C5C-AF36-285EF2C07125}.Release|Any CPU.Build.0 = Release|Any CPU
		{5638B779-D2ED-4812-96CF-25FAB8CBAFE6}.Debug|Any CPU.ActiveCfg = Debug|Any CPU
		{5638B779-D2ED-4812-96CF-25FAB8CBAFE6}.Debug|Any CPU.Build.0 = Debug|Any CPU
		{5638B779-D2ED-4812-96CF-25FAB8CBAFE6}.Release|Any CPU.ActiveCfg = Release|Any CPU
		{5638B779-D2ED-4812-96CF-25FAB8CBAFE6}.Release|Any CPU.Build.0 = Release|Any CPU
		{0E2EE7AD-6E6A-4B66-8A50-9828E9DBF42A}.Debug|Any CPU.ActiveCfg = Debug|Any CPU
		{0E2EE7AD-6E6A-4B66-8A50-9828E9DBF42A}.Debug|Any CPU.Build.0 = Debug|Any CPU
		{0E2EE7AD-6E6A-4B66-8A50-9828E9DBF42A}.Release|Any CPU.ActiveCfg = Release|Any CPU
		{0E2EE7AD-6E6A-4B66-8A50-9828E9DBF42A}.Release|Any CPU.Build.0 = Release|Any CPU
		{CD20B81D-B350-4765-A003-78929B541A8A}.Debug|Any CPU.ActiveCfg = Debug|Any CPU
		{CD20B81D-B350-4765-A003-78929B541A8A}.Debug|Any CPU.Build.0 = Debug|Any CPU
		{CD20B81D-B350-4765-A003-78929B541A8A}.Release|Any CPU.ActiveCfg = Release|Any CPU
		{CD20B81D-B350-4765-A003-78929B541A8A}.Release|Any CPU.Build.0 = Release|Any CPU
		{C2D8AB17-25C7-4E93-B8EE-4AAA577A5FC8}.Debug|Any CPU.ActiveCfg = Debug|Any CPU
		{C2D8AB17-25C7-4E93-B8EE-4AAA577A5FC8}.Debug|Any CPU.Build.0 = Debug|Any CPU
		{C2D8AB17-25C7-4E93-B8EE-4AAA577A5FC8}.Release|Any CPU.ActiveCfg = Release|Any CPU
		{C2D8AB17-25C7-4E93-B8EE-4AAA577A5FC8}.Release|Any CPU.Build.0 = Release|Any CPU
		{9B92D748-E9E9-4E2E-89D7-198D9E044A46}.Debug|Any CPU.ActiveCfg = Debug|Any CPU
		{9B92D748-E9E9-4E2E-89D7-198D9E044A46}.Debug|Any CPU.Build.0 = Debug|Any CPU
		{9B92D748-E9E9-4E2E-89D7-198D9E044A46}.Release|Any CPU.ActiveCfg = Release|Any CPU
		{9B92D748-E9E9-4E2E-89D7-198D9E044A46}.Release|Any CPU.Build.0 = Release|Any CPU
		{FE6010C3-79B5-463A-8C66-F218405B808E}.Debug|Any CPU.ActiveCfg = Debug|Any CPU
		{FE6010C3-79B5-463A-8C66-F218405B808E}.Debug|Any CPU.Build.0 = Debug|Any CPU
		{FE6010C3-79B5-463A-8C66-F218405B808E}.Release|Any CPU.ActiveCfg = Release|Any CPU
		{FE6010C3-79B5-463A-8C66-F218405B808E}.Release|Any CPU.Build.0 = Release|Any CPU
		{3E2E2273-9B00-4D9F-9852-F9FD78981913}.Debug|Any CPU.ActiveCfg = Debug|Any CPU
		{3E2E2273-9B00-4D9F-9852-F9FD78981913}.Debug|Any CPU.Build.0 = Debug|Any CPU
		{3E2E2273-9B00-4D9F-9852-F9FD78981913}.Release|Any CPU.ActiveCfg = Release|Any CPU
		{3E2E2273-9B00-4D9F-9852-F9FD78981913}.Release|Any CPU.Build.0 = Release|Any CPU
		{3487BEBD-0BC5-4E81-A50E-4B8E592CB6AE}.Debug|Any CPU.ActiveCfg = Debug|Any CPU
		{3487BEBD-0BC5-4E81-A50E-4B8E592CB6AE}.Debug|Any CPU.Build.0 = Debug|Any CPU
		{3487BEBD-0BC5-4E81-A50E-4B8E592CB6AE}.Release|Any CPU.ActiveCfg = Release|Any CPU
		{3487BEBD-0BC5-4E81-A50E-4B8E592CB6AE}.Release|Any CPU.Build.0 = Release|Any CPU
	EndGlobalSection
	GlobalSection(SolutionProperties) = preSolution
		HideSolutionNode = FALSE
	EndGlobalSection
	GlobalSection(NestedProjects) = preSolution
		{D2E93074-99E8-4969-A4A9-1EEEF279CB5B} = {E47617F5-31E6-4F0E-A26F-22148910867C}
		{56961EC4-0BA0-42D5-ACCE-377547F5117A} = {E47617F5-31E6-4F0E-A26F-22148910867C}
		{9AA86F5F-05EF-4C5C-AF36-285EF2C07125} = {E47617F5-31E6-4F0E-A26F-22148910867C}
		{5638B779-D2ED-4812-96CF-25FAB8CBAFE6} = {DCE6CC95-4D94-4885-A92E-6FF09AFFACFE}
		{0E2EE7AD-6E6A-4B66-8A50-9828E9DBF42A} = {DCE6CC95-4D94-4885-A92E-6FF09AFFACFE}
		{CD20B81D-B350-4765-A003-78929B541A8A} = {DCE6CC95-4D94-4885-A92E-6FF09AFFACFE}
		{C2D8AB17-25C7-4E93-B8EE-4AAA577A5FC8} = {D43869AD-6C6A-4382-ABE1-3643ECC7E7CB}
		{9B92D748-E9E9-4E2E-89D7-198D9E044A46} = {D43869AD-6C6A-4382-ABE1-3643ECC7E7CB}
		{FE6010C3-79B5-463A-8C66-F218405B808E} = {C2E16990-C6E0-470C-AC36-5E90594BAC7E}
		{3E2E2273-9B00-4D9F-9852-F9FD78981913} = {C2E16990-C6E0-470C-AC36-5E90594BAC7E}
		{3487BEBD-0BC5-4E81-A50E-4B8E592CB6AE} = {C2E16990-C6E0-470C-AC36-5E90594BAC7E}
	EndGlobalSection
	GlobalSection(ExtensibilityGlobals) = postSolution
		SolutionGuid = {0747BD03-24A5-4AEF-AA83-355AEFECCB10}
	EndGlobalSection
EndGlobal
